
Microsoft Visual Studio Solution File, Format Version 12.00
# Visual Studio 15
VisualStudioVersion = 15.0.27130.2027
MinimumVisualStudioVersion = 10.0.40219.1
Project("{FAE04EC0-301F-11D3-BF4B-00C04F79EFBC}") = "CMS_WebSystem", "CMS_WebSystem\CMS_WebSystem.csproj", "{248E8E5B-98FA-4B83-921F-032981ED5A8D}"
EndProject
Global
	GlobalSection(SolutionConfigurationPlatforms) = preSolution
		Debug|Any CPU = Debug|Any CPU
		Release|Any CPU = Release|Any CPU
	EndGlobalSection
	GlobalSection(ProjectConfigurationPlatforms) = postSolution
		{248E8E5B-98FA-4B83-921F-032981ED5A8D}.Debug|Any CPU.ActiveCfg = Debug|Any CPU
		{248E8E5B-98FA-4B83-921F-032981ED5A8D}.Debug|Any CPU.Build.0 = Debug|Any CPU
		{248E8E5B-98FA-4B83-921F-032981ED5A8D}.Release|Any CPU.ActiveCfg = Release|Any CPU
		{248E8E5B-98FA-4B83-921F-032981ED5A8D}.Release|Any CPU.Build.0 = Release|Any CPU
	EndGlobalSection
	GlobalSection(SolutionProperties) = preSolution
		HideSolutionNode = FALSE
	EndGlobalSection
	GlobalSection(ExtensibilityGlobals) = postSolution
		SolutionGuid = {07133F74-162E-49A2-95DC-A3383BAE0ED3}
	EndGlobalSection
EndGlobal
